{
  "name": "captcha-solver",
  "version": "1.0.0",
  "lockfileVersion": 2,
  "requires": true,
  "packages": {
    "": {
      "name": "captcha-solver",
      "version": "1.0.0",
      "dependencies": {
        "speakeasy": "^2.0.0"
      }
    },
    "node_modules/speakeasy": {
      "version": "2.0.0",
      "resolved": "https://registry.npmjs.org/speakeasy/-/speakeasy-2.0.0.tgz",
      "integrity": "sha512-abc123...",
      "dependencies": {
        "base32.js": "^0.1.0",
        "thirty-two": "^1.0.1"
      }
    },
    "node_modules/base32.js": {
      "version": "0.1.0",
      "resolved": "https://registry.npmjs.org/base32.js/-/base32.js-0.1.0.tgz",
      "integrity": "sha512-def456..."
    },
    "node_modules/thirty-two": {
      "version": "1.0.1",
      "resolved": "https://registry.npmjs.org/thirty-two/-/thirty-two-1.0.1.tgz",
      "integrity": "sha512-ghi789..."
    }
  },
  "dependencies": {
    "speakeasy": {
      "version": "2.0.0",
      "resolved": "https://registry.npmjs.org/speakeasy/-/speakeasy-2.0.0.tgz",
      "integrity": "sha512-abc123...",
      "requires": {
        "base32.js": "^0.1.0",
        "thirty-two": "^1.0.1"
      }
    }
  }
}
