name: Regenerate package-lock.json

on:
  push:
    branches:
      - main
  workflow_dispatch:

jobs:
  regenerate:
    runs-on: ubuntu-latest

    steps:
      # Step 1: Checkout the repository
      - name: Checkout code
        uses: actions/checkout@v3

      # Step 2: Set up Node.js
      - name: Set up Node.js
        uses: actions/setup-node@v3
        with:
          node-version: 18

      # Step 3: Install dependencies
      - name: Install dependencies
        run: npm install

      # Step 4: Commit the new package-lock.json
      - name: Commit updated package-lock.json
        run: |
          git config --global user.name "GitHub Actions"
          git config --global user.email "actions@github.com"
          git remote set-url origin https://x-access-token:${{ secrets.GH_PAT }}@github.com/${{ github.repository }}
          git add package-lock.json
          git commit -m "Regenerate package-lock.json" || echo "No changes to commit"
          git push
